// !$*UTF8*$!
{
	archiveVersion = 1;
	classes = {
	};
	objectVersion = 46;
	objects = {

/* Begin PBXBuildFile section */
		030EA14F19A8DB0800162E71 /* 6.left.png in Resources */ = {isa = PBXBuildFile; fileRef = 0397BC5619A692140069B069 /* 6.left.png */; };
		030EA15019A8DB0800162E71 /* 6.left@2x.png in Resources */ = {isa = PBXBuildFile; fileRef = 0397BC5719A692140069B069 /* 6.left@2x.png */; };
		030EA15119A8DB0800162E71 /* 6.right.png in Resources */ = {isa = PBXBuildFile; fileRef = 0397BC5819A692140069B069 /* 6.right.png */; };
		030EA15219A8DB0800162E71 /* 6.right@2x.png in Resources */ = {isa = PBXBuildFile; fileRef = 0397BC5919A692140069B069 /* 6.right@2x.png */; };
		030EA15319A8DB0900162E71 /* 6.left.png in Resources */ = {isa = PBXBuildFile; fileRef = 0397BC5619A692140069B069 /* 6.left.png */; };
		030EA15419A8DB0900162E71 /* 6.left@2x.png in Resources */ = {isa = PBXBuildFile; fileRef = 0397BC5719A692140069B069 /* 6.left@2x.png */; };
		030EA15519A8DB0900162E71 /* 6.right.png in Resources */ = {isa = PBXBuildFile; fileRef = 0397BC5819A692140069B069 /* 6.right.png */; };
		030EA15619A8DB0900162E71 /* 6.right@2x.png in Resources */ = {isa = PBXBuildFile; fileRef = 0397BC5919A692140069B069 /* 6.right@2x.png */; };
		0397BC5319A68F3F0069B069 /* icon.60.png in Resources */ = {isa = PBXBuildFile; fileRef = 0397BC5019A68F3F0069B069 /* icon.60.png */; };
		0397BC5419A68F3F0069B069 /* icon.76.png in Resources */ = {isa = PBXBuildFile; fileRef = 0397BC5119A68F3F0069B069 /* icon.76.png */; };
		0397BC5519A68F3F0069B069 /* icon.152.png in Resources */ = {isa = PBXBuildFile; fileRef = 0397BC5219A68F3F0069B069 /* icon.152.png */; };
		0397BC5A19A692140069B069 /* 6.left.png in Resources */ = {isa = PBXBuildFile; fileRef = 0397BC5619A692140069B069 /* 6.left.png */; };
		0397BC5B19A692140069B069 /* 6.left@2x.png in Resources */ = {isa = PBXBuildFile; fileRef = 0397BC5719A692140069B069 /* 6.left@2x.png */; };
		0397BC5C19A692140069B069 /* 6.right.png in Resources */ = {isa = PBXBuildFile; fileRef = 0397BC5819A692140069B069 /* 6.right.png */; };
		0397BC5D19A692140069B069 /* 6.right@2x.png in Resources */ = {isa = PBXBuildFile; fileRef = 0397BC5919A692140069B069 /* 6.right@2x.png */; };
		03C6F68E1954B0D20012BABA /* segueFade.m in Sources */ = {isa = PBXBuildFile; fileRef = 03C6F6871954B0D20012BABA /* segueFade.m */; };
		03C6F68F1954B0D20012BABA /* splash.load.png in Resources */ = {isa = PBXBuildFile; fileRef = 03C6F6881954B0D20012BABA /* splash.load.png */; };
		03C6F6901954B0D20012BABA /* splash.logo.png in Resources */ = {isa = PBXBuildFile; fileRef = 03C6F6891954B0D20012BABA /* splash.logo.png */; };
		03C6F6911954B0D20012BABA /* splash.support.png in Resources */ = {isa = PBXBuildFile; fileRef = 03C6F68A1954B0D20012BABA /* splash.support.png */; };
		03C6F6921954B0D20012BABA /* splash.tune.wav in Resources */ = {isa = PBXBuildFile; fileRef = 03C6F68B1954B0D20012BABA /* splash.tune.wav */; };
		03C6F6931954B0D20012BABA /* xxiivvSplash.m in Sources */ = {isa = PBXBuildFile; fileRef = 03C6F68D1954B0D20012BABA /* xxiivvSplash.m */; };
		03C8CD131954757B00E3E267 /* click.fast.wav in Resources */ = {isa = PBXBuildFile; fileRef = 03C8CD0C1954757B00E3E267 /* click.fast.wav */; };
		03C8CD141954757B00E3E267 /* click.high.wav in Resources */ = {isa = PBXBuildFile; fileRef = 03C8CD0D1954757B00E3E267 /* click.high.wav */; };
		03C8CD151954757B00E3E267 /* click.low.wav in Resources */ = {isa = PBXBuildFile; fileRef = 03C8CD0E1954757B00E3E267 /* click.low.wav */; };
		03C8CD191954759600E3E267 /* splash.xxiivv.png in Resources */ = {isa = PBXBuildFile; fileRef = 03C8CD181954759600E3E267 /* splash.xxiivv.png */; };
		03C8CD1B195476CE00E3E267 /* AVFoundation.framework in Frameworks */ = {isa = PBXBuildFile; fileRef = 03C8CD1A195476CE00E3E267 /* AVFoundation.framework */; };
		03C8CD1D195476D400E3E267 /* AudioToolbox.framework in Frameworks */ = {isa = PBXBuildFile; fileRef = 03C8CD1C195476D400E3E267 /* AudioToolbox.framework */; };
		03C8CD1F19547D1000E3E267 /* icon.120.png in Resources */ = {isa = PBXBuildFile; fileRef = 03C8CD1E19547D1000E3E267 /* icon.120.png */; };
		03EE744B1824CAE700AB60C0 /* Foundation.framework in Frameworks */ = {isa = PBXBuildFile; fileRef = 03EE744A1824CAE700AB60C0 /* Foundation.framework */; };
		03EE744D1824CAE700AB60C0 /* CoreGraphics.framework in Frameworks */ = {isa = PBXBuildFile; fileRef = 03EE744C1824CAE700AB60C0 /* CoreGraphics.framework */; };
		03EE744F1824CAE700AB60C0 /* UIKit.framework in Frameworks */ = {isa = PBXBuildFile; fileRef = 03EE744E1824CAE700AB60C0 /* UIKit.framework */; };
		03EE74551824CAE700AB60C0 /* InfoPlist.strings in Resources */ = {isa = PBXBuildFile; fileRef = 03EE74531824CAE700AB60C0 /* InfoPlist.strings */; };
		03EE74571824CAE700AB60C0 /* main.m in Sources */ = {isa = PBXBuildFile; fileRef = 03EE74561824CAE700AB60C0 /* main.m */; };
		03EE745B1824CAE700AB60C0 /* xxiivvAppDelegate.m in Sources */ = {isa = PBXBuildFile; fileRef = 03EE745A1824CAE700AB60C0 /* xxiivvAppDelegate.m */; };
		03EE745E1824CAE700AB60C0 /* Main.storyboard in Resources */ = {isa = PBXBuildFile; fileRef = 03EE745C1824CAE700AB60C0 /* Main.storyboard */; };
		03EE74611824CAE700AB60C0 /* xxiivvViewController.m in Sources */ = {isa = PBXBuildFile; fileRef = 03EE74601824CAE700AB60C0 /* xxiivvViewController.m */; };
		03EE74631824CAE700AB60C0 /* Images.xcassets in Resources */ = {isa = PBXBuildFile; fileRef = 03EE74621824CAE700AB60C0 /* Images.xcassets */; };
		580A03D91974AE9400F4111C /* AVFoundation.framework in Frameworks */ = {isa = PBXBuildFile; fileRef = 580A03D81974AE9400F4111C /* AVFoundation.framework */; };
		5819DB0F19762B23005DE70B /* thumbnail.png in Resources */ = {isa = PBXBuildFile; fileRef = 5819DB0D19762B23005DE70B /* thumbnail.png */; };
		5819DB1019762B23005DE70B /* thumbnail@2x.png in Resources */ = {isa = PBXBuildFile; fileRef = 5819DB0E19762B23005DE70B /* thumbnail@2x.png */; };
		584EDA8919761E8400F4BE11 /* ConfigureSheet.nib in Resources */ = {isa = PBXBuildFile; fileRef = 584EDA8819761E8400F4BE11 /* ConfigureSheet.nib */; };
		5896868C197351C3007873BF /* Cocoa.framework in Frameworks */ = {isa = PBXBuildFile; fileRef = 5896868B197351C3007873BF /* Cocoa.framework */; };
		58968696197351C4007873BF /* InfoPlist.strings in Resources */ = {isa = PBXBuildFile; fileRef = 58968694197351C4007873BF /* InfoPlist.strings */; };
		58968698197351C4007873BF /* main.m in Sources */ = {isa = PBXBuildFile; fileRef = 58968697197351C4007873BF /* main.m */; };
		5896869C197351C4007873BF /* Credits.rtf in Resources */ = {isa = PBXBuildFile; fileRef = 5896869A197351C4007873BF /* Credits.rtf */; };
		5896869F197351C4007873BF /* xxiivvAppDelegate.m in Sources */ = {isa = PBXBuildFile; fileRef = 5896869E197351C4007873BF /* xxiivvAppDelegate.m */; };
		589686A2197351C4007873BF /* MainMenu.xib in Resources */ = {isa = PBXBuildFile; fileRef = 589686A0197351C4007873BF /* MainMenu.xib */; };
		589686A4197351C4007873BF /* Images.xcassets in Resources */ = {isa = PBXBuildFile; fileRef = 589686A3197351C4007873BF /* Images.xcassets */; };
		589686D51973627C007873BF /* click.fast.wav in Resources */ = {isa = PBXBuildFile; fileRef = 03C8CD0C1954757B00E3E267 /* click.fast.wav */; };
		589686D61973627C007873BF /* click.high.wav in Resources */ = {isa = PBXBuildFile; fileRef = 03C8CD0D1954757B00E3E267 /* click.high.wav */; };
		589686D71973627C007873BF /* click.low.wav in Resources */ = {isa = PBXBuildFile; fileRef = 03C8CD0E1954757B00E3E267 /* click.low.wav */; };
		589686DB197395EB007873BF /* xxiivvBifView.m in Sources */ = {isa = PBXBuildFile; fileRef = 589686DA197395EB007873BF /* xxiivvBifView.m */; };
		58A9C0DD197625700020BFC7 /* UserDefaults.plist in Resources */ = {isa = PBXBuildFile; fileRef = 58A9C0DC197625700020BFC7 /* UserDefaults.plist */; };
		58ACA55A1974EE2100D99EE1 /* Cocoa.framework in Frameworks */ = {isa = PBXBuildFile; fileRef = 5896868B197351C3007873BF /* Cocoa.framework */; };
		58ACA55C1974EE2100D99EE1 /* ScreenSaver.framework in Frameworks */ = {isa = PBXBuildFile; fileRef = 58ACA55B1974EE2100D99EE1 /* ScreenSaver.framework */; };
		58ACA5621974EE2100D99EE1 /* InfoPlist.strings in Resources */ = {isa = PBXBuildFile; fileRef = 58ACA5601974EE2100D99EE1 /* InfoPlist.strings */; };
		58ACA5661974EE2100D99EE1 /* BifurcanSaverView.m in Sources */ = {isa = PBXBuildFile; fileRef = 58ACA5651974EE2100D99EE1 /* BifurcanSaverView.m */; };
		58ACA56B1974EF2100D99EE1 /* click.fast.wav in Resources */ = {isa = PBXBuildFile; fileRef = 03C8CD0C1954757B00E3E267 /* click.fast.wav */; };
		58ACA56C1974EF2100D99EE1 /* click.high.wav in Resources */ = {isa = PBXBuildFile; fileRef = 03C8CD0D1954757B00E3E267 /* click.high.wav */; };
		58ACA56D1974EF2100D99EE1 /* click.low.wav in Resources */ = {isa = PBXBuildFile; fileRef = 03C8CD0E1954757B00E3E267 /* click.low.wav */; };
		58ACA56F1974EF2100D99EE1 /* xxiivvBifView.m in Sources */ = {isa = PBXBuildFile; fileRef = 589686DA197395EB007873BF /* xxiivvBifView.m */; };
		58ACA5701974EF2F00D99EE1 /* 1.left.png in Resources */ = {isa = PBXBuildFile; fileRef = 58F3B7AC1974A894004A884A /* 1.left.png */; };
		58ACA5711974EF2F00D99EE1 /* 1.left@2x.png in Resources */ = {isa = PBXBuildFile; fileRef = 58F3B7AD1974A894004A884A /* 1.left@2x.png */; };
		58ACA5721974EF2F00D99EE1 /* 1.right.png in Resources */ = {isa = PBXBuildFile; fileRef = 58F3B7AE1974A894004A884A /* 1.right.png */; };
		58ACA5731974EF2F00D99EE1 /* 1.right@2x.png in Resources */ = {isa = PBXBuildFile; fileRef = 58F3B7AF1974A894004A884A /* 1.right@2x.png */; };
		58ACA5741974EF2F00D99EE1 /* 2.left.png in Resources */ = {isa = PBXBuildFile; fileRef = 58F3B7B01974A894004A884A /* 2.left.png */; };
		58ACA5751974EF2F00D99EE1 /* 2.left@2x.png in Resources */ = {isa = PBXBuildFile; fileRef = 58F3B7B11974A894004A884A /* 2.left@2x.png */; };
		58ACA5761974EF2F00D99EE1 /* 2.right.png in Resources */ = {isa = PBXBuildFile; fileRef = 58F3B7B21974A894004A884A /* 2.right.png */; };
		58ACA5771974EF2F00D99EE1 /* 2.right@2x.png in Resources */ = {isa = PBXBuildFile; fileRef = 58F3B7B31974A894004A884A /* 2.right@2x.png */; };
		58ACA5781974EF2F00D99EE1 /* 3.left.png in Resources */ = {isa = PBXBuildFile; fileRef = 58F3B7B41974A894004A884A /* 3.left.png */; };
		58ACA5791974EF2F00D99EE1 /* 3.left@2x.png in Resources */ = {isa = PBXBuildFile; fileRef = 58F3B7B51974A894004A884A /* 3.left@2x.png */; };
		58ACA57A1974EF2F00D99EE1 /* 3.right.png in Resources */ = {isa = PBXBuildFile; fileRef = 58F3B7B61974A894004A884A /* 3.right.png */; };
		58ACA57B1974EF2F00D99EE1 /* 3.right@2x.png in Resources */ = {isa = PBXBuildFile; fileRef = 58F3B7B71974A894004A884A /* 3.right@2x.png */; };
		58ACA57C1974EF2F00D99EE1 /* 4.left.png in Resources */ = {isa = PBXBuildFile; fileRef = 58F3B7B81974A894004A884A /* 4.left.png */; };
		58ACA57D1974EF2F00D99EE1 /* 4.left@2x.png in Resources */ = {isa = PBXBuildFile; fileRef = 58F3B7B91974A894004A884A /* 4.left@2x.png */; };
		58ACA57E1974EF2F00D99EE1 /* 4.right.png in Resources */ = {isa = PBXBuildFile; fileRef = 58F3B7BA1974A894004A884A /* 4.right.png */; };
		58ACA57F1974EF2F00D99EE1 /* 4.right@2x.png in Resources */ = {isa = PBXBuildFile; fileRef = 58F3B7BB1974A894004A884A /* 4.right@2x.png */; };
		58ACA5801974EF2F00D99EE1 /* 5.left.png in Resources */ = {isa = PBXBuildFile; fileRef = 58F3B7BC1974A894004A884A /* 5.left.png */; };
		58ACA5811974EF2F00D99EE1 /* 5.left@2x.png in Resources */ = {isa = PBXBuildFile; fileRef = 58F3B7BD1974A894004A884A /* 5.left@2x.png */; };
		58ACA5821974EF2F00D99EE1 /* 5.right.png in Resources */ = {isa = PBXBuildFile; fileRef = 58F3B7BE1974A894004A884A /* 5.right.png */; };
		58ACA5831974EF2F00D99EE1 /* 5.right@2x.png in Resources */ = {isa = PBXBuildFile; fileRef = 58F3B7BF1974A894004A884A /* 5.right@2x.png */; };
		58ACA5881974EF3000D99EE1 /* 1.left.png in Resources */ = {isa = PBXBuildFile; fileRef = 58F3B7AC1974A894004A884A /* 1.left.png */; };
		58ACA5891974EF3000D99EE1 /* 1.left@2x.png in Resources */ = {isa = PBXBuildFile; fileRef = 58F3B7AD1974A894004A884A /* 1.left@2x.png */; };
		58ACA58A1974EF3000D99EE1 /* 1.right.png in Resources */ = {isa = PBXBuildFile; fileRef = 58F3B7AE1974A894004A884A /* 1.right.png */; };
		58ACA58B1974EF3000D99EE1 /* 1.right@2x.png in Resources */ = {isa = PBXBuildFile; fileRef = 58F3B7AF1974A894004A884A /* 1.right@2x.png */; };
		58ACA58C1974EF3000D99EE1 /* 2.left.png in Resources */ = {isa = PBXBuildFile; fileRef = 58F3B7B01974A894004A884A /* 2.left.png */; };
		58ACA58D1974EF3000D99EE1 /* 2.left@2x.png in Resources */ = {isa = PBXBuildFile; fileRef = 58F3B7B11974A894004A884A /* 2.left@2x.png */; };
		58ACA58E1974EF3000D99EE1 /* 2.right.png in Resources */ = {isa = PBXBuildFile; fileRef = 58F3B7B21974A894004A884A /* 2.right.png */; };
		58ACA58F1974EF3000D99EE1 /* 2.right@2x.png in Resources */ = {isa = PBXBuildFile; fileRef = 58F3B7B31974A894004A884A /* 2.right@2x.png */; };
		58ACA5901974EF3000D99EE1 /* 3.left.png in Resources */ = {isa = PBXBuildFile; fileRef = 58F3B7B41974A894004A884A /* 3.left.png */; };
		58ACA5911974EF3000D99EE1 /* 3.left@2x.png in Resources */ = {isa = PBXBuildFile; fileRef = 58F3B7B51974A894004A884A /* 3.left@2x.png */; };
		58ACA5921974EF3000D99EE1 /* 3.right.png in Resources */ = {isa = PBXBuildFile; fileRef = 58F3B7B61974A894004A884A /* 3.right.png */; };
		58ACA5931974EF3000D99EE1 /* 3.right@2x.png in Resources */ = {isa = PBXBuildFile; fileRef = 58F3B7B71974A894004A884A /* 3.right@2x.png */; };
		58ACA5941974EF3000D99EE1 /* 4.left.png in Resources */ = {isa = PBXBuildFile; fileRef = 58F3B7B81974A894004A884A /* 4.left.png */; };
		58ACA5951974EF3000D99EE1 /* 4.left@2x.png in Resources */ = {isa = PBXBuildFile; fileRef = 58F3B7B91974A894004A884A /* 4.left@2x.png */; };
		58ACA5961974EF3000D99EE1 /* 4.right.png in Resources */ = {isa = PBXBuildFile; fileRef = 58F3B7BA1974A894004A884A /* 4.right.png */; };
		58ACA5971974EF3000D99EE1 /* 4.right@2x.png in Resources */ = {isa = PBXBuildFile; fileRef = 58F3B7BB1974A894004A884A /* 4.right@2x.png */; };
		58ACA5981974EF3000D99EE1 /* 5.left.png in Resources */ = {isa = PBXBuildFile; fileRef = 58F3B7BC1974A894004A884A /* 5.left.png */; };
		58ACA5991974EF3000D99EE1 /* 5.left@2x.png in Resources */ = {isa = PBXBuildFile; fileRef = 58F3B7BD1974A894004A884A /* 5.left@2x.png */; };
		58ACA59A1974EF3000D99EE1 /* 5.right.png in Resources */ = {isa = PBXBuildFile; fileRef = 58F3B7BE1974A894004A884A /* 5.right.png */; };
		58ACA59B1974EF3000D99EE1 /* 5.right@2x.png in Resources */ = {isa = PBXBuildFile; fileRef = 58F3B7BF1974A894004A884A /* 5.right@2x.png */; };
		58F3B7AA1974A184004A884A /* xxiivvBifView.m in Sources */ = {isa = PBXBuildFile; fileRef = 589686DA197395EB007873BF /* xxiivvBifView.m */; };
		58F3B7C41974A894004A884A /* 1.left.png in Resources */ = {isa = PBXBuildFile; fileRef = 58F3B7AC1974A894004A884A /* 1.left.png */; };
		58F3B7C61974A894004A884A /* 1.left@2x.png in Resources */ = {isa = PBXBuildFile; fileRef = 58F3B7AD1974A894004A884A /* 1.left@2x.png */; };
		58F3B7C81974A894004A884A /* 1.right.png in Resources */ = {isa = PBXBuildFile; fileRef = 58F3B7AE1974A894004A884A /* 1.right.png */; };
		58F3B7CA1974A894004A884A /* 1.right@2x.png in Resources */ = {isa = PBXBuildFile; fileRef = 58F3B7AF1974A894004A884A /* 1.right@2x.png */; };
		58F3B7CC1974A894004A884A /* 2.left.png in Resources */ = {isa = PBXBuildFile; fileRef = 58F3B7B01974A894004A884A /* 2.left.png */; };
		58F3B7CE1974A894004A884A /* 2.left@2x.png in Resources */ = {isa = PBXBuildFile; fileRef = 58F3B7B11974A894004A884A /* 2.left@2x.png */; };
		58F3B7D01974A894004A884A /* 2.right.png in Resources */ = {isa = PBXBuildFile; fileRef = 58F3B7B21974A894004A884A /* 2.right.png */; };
		58F3B7D21974A894004A884A /* 2.right@2x.png in Resources */ = {isa = PBXBuildFile; fileRef = 58F3B7B31974A894004A884A /* 2.right@2x.png */; };
		58F3B7D41974A894004A884A /* 3.left.png in Resources */ = {isa = PBXBuildFile; fileRef = 58F3B7B41974A894004A884A /* 3.left.png */; };
		58F3B7D61974A894004A884A /* 3.left@2x.png in Resources */ = {isa = PBXBuildFile; fileRef = 58F3B7B51974A894004A884A /* 3.left@2x.png */; };
		58F3B7D81974A894004A884A /* 3.right.png in Resources */ = {isa = PBXBuildFile; fileRef = 58F3B7B61974A894004A884A /* 3.right.png */; };
		58F3B7DA1974A894004A884A /* 3.right@2x.png in Resources */ = {isa = PBXBuildFile; fileRef = 58F3B7B71974A894004A884A /* 3.right@2x.png */; };
		58F3B7DC1974A894004A884A /* 4.left.png in Resources */ = {isa = PBXBuildFile; fileRef = 58F3B7B81974A894004A884A /* 4.left.png */; };
		58F3B7DE1974A894004A884A /* 4.left@2x.png in Resources */ = {isa = PBXBuildFile; fileRef = 58F3B7B91974A894004A884A /* 4.left@2x.png */; };
		58F3B7E01974A894004A884A /* 4.right.png in Resources */ = {isa = PBXBuildFile; fileRef = 58F3B7BA1974A894004A884A /* 4.right.png */; };
		58F3B7E21974A894004A884A /* 4.right@2x.png in Resources */ = {isa = PBXBuildFile; fileRef = 58F3B7BB1974A894004A884A /* 4.right@2x.png */; };
		58F3B7E41974A894004A884A /* 5.left.png in Resources */ = {isa = PBXBuildFile; fileRef = 58F3B7BC1974A894004A884A /* 5.left.png */; };
		58F3B7E61974A894004A884A /* 5.left@2x.png in Resources */ = {isa = PBXBuildFile; fileRef = 58F3B7BD1974A894004A884A /* 5.left@2x.png */; };
		58F3B7E81974A894004A884A /* 5.right.png in Resources */ = {isa = PBXBuildFile; fileRef = 58F3B7BE1974A894004A884A /* 5.right.png */; };
		58F3B7EA1974A894004A884A /* 5.right@2x.png in Resources */ = {isa = PBXBuildFile; fileRef = 58F3B7BF1974A894004A884A /* 5.right@2x.png */; };
/* End PBXBuildFile section */

/* Begin PBXFileReference section */
		0397BC5019A68F3F0069B069 /* icon.60.png */ = {isa = PBXFileReference; lastKnownFileType = image.png; path = icon.60.png; sourceTree = "<group>"; };
		0397BC5119A68F3F0069B069 /* icon.76.png */ = {isa = PBXFileReference; lastKnownFileType = image.png; path = icon.76.png; sourceTree = "<group>"; };
		0397BC5219A68F3F0069B069 /* icon.152.png */ = {isa = PBXFileReference; lastKnownFileType = image.png; path = icon.152.png; sourceTree = "<group>"; };
		0397BC5619A692140069B069 /* 6.left.png */ = {isa = PBXFileReference; lastKnownFileType = image.png; path = 6.left.png; sourceTree = "<group>"; };
		0397BC5719A692140069B069 /* 6.left@2x.png */ = {isa = PBXFileReference; lastKnownFileType = image.png; path = "6.left@2x.png"; sourceTree = "<group>"; };
		0397BC5819A692140069B069 /* 6.right.png */ = {isa = PBXFileReference; lastKnownFileType = image.png; path = 6.right.png; sourceTree = "<group>"; };
		0397BC5919A692140069B069 /* 6.right@2x.png */ = {isa = PBXFileReference; lastKnownFileType = image.png; path = "6.right@2x.png"; sourceTree = "<group>"; };
		03C6F6861954B0D20012BABA /* segueFade.h */ = {isa = PBXFileReference; fileEncoding = 4; lastKnownFileType = sourcecode.c.h; path = segueFade.h; sourceTree = "<group>"; };
		03C6F6871954B0D20012BABA /* segueFade.m */ = {isa = PBXFileReference; fileEncoding = 4; lastKnownFileType = sourcecode.c.objc; path = segueFade.m; sourceTree = "<group>"; };
		03C6F6881954B0D20012BABA /* splash.load.png */ = {isa = PBXFileReference; lastKnownFileType = image.png; path = splash.load.png; sourceTree = "<group>"; };
		03C6F6891954B0D20012BABA /* splash.logo.png */ = {isa = PBXFileReference; lastKnownFileType = image.png; path = splash.logo.png; sourceTree = "<group>"; };
		03C6F68A1954B0D20012BABA /* splash.support.png */ = {isa = PBXFileReference; lastKnownFileType = image.png; path = splash.support.png; sourceTree = "<group>"; };
		03C6F68B1954B0D20012BABA /* splash.tune.wav */ = {isa = PBXFileReference; lastKnownFileType = audio.wav; path = splash.tune.wav; sourceTree = "<group>"; };
		03C6F68C1954B0D20012BABA /* xxiivvSplash.h */ = {isa = PBXFileReference; fileEncoding = 4; lastKnownFileType = sourcecode.c.h; path = xxiivvSplash.h; sourceTree = "<group>"; };
		03C6F68D1954B0D20012BABA /* xxiivvSplash.m */ = {isa = PBXFileReference; fileEncoding = 4; lastKnownFileType = sourcecode.c.objc; path = xxiivvSplash.m; sourceTree = "<group>"; };
		03C8CD0C1954757B00E3E267 /* click.fast.wav */ = {isa = PBXFileReference; lastKnownFileType = audio.wav; name = click.fast.wav; path = "Forking Paths/click.fast.wav"; sourceTree = "<group>"; };
		03C8CD0D1954757B00E3E267 /* click.high.wav */ = {isa = PBXFileReference; lastKnownFileType = audio.wav; name = click.high.wav; path = "Forking Paths/click.high.wav"; sourceTree = "<group>"; };
		03C8CD0E1954757B00E3E267 /* click.low.wav */ = {isa = PBXFileReference; lastKnownFileType = audio.wav; name = click.low.wav; path = "Forking Paths/click.low.wav"; sourceTree = "<group>"; };
		03C8CD181954759600E3E267 /* splash.xxiivv.png */ = {isa = PBXFileReference; lastKnownFileType = image.png; path = splash.xxiivv.png; sourceTree = "<group>"; };
		03C8CD1A195476CE00E3E267 /* AVFoundation.framework */ = {isa = PBXFileReference; lastKnownFileType = wrapper.framework; name = AVFoundation.framework; path = System/Library/Frameworks/AVFoundation.framework; sourceTree = SDKROOT; };
		03C8CD1C195476D400E3E267 /* AudioToolbox.framework */ = {isa = PBXFileReference; lastKnownFileType = wrapper.framework; name = AudioToolbox.framework; path = System/Library/Frameworks/AudioToolbox.framework; sourceTree = SDKROOT; };
		03C8CD1E19547D1000E3E267 /* icon.120.png */ = {isa = PBXFileReference; lastKnownFileType = image.png; path = icon.120.png; sourceTree = "<group>"; };
		03EE74471824CAE700AB60C0 /* Bifurcan.app */ = {isa = PBXFileReference; explicitFileType = wrapper.application; includeInIndex = 0; path = Bifurcan.app; sourceTree = BUILT_PRODUCTS_DIR; };
		03EE744A1824CAE700AB60C0 /* Foundation.framework */ = {isa = PBXFileReference; lastKnownFileType = wrapper.framework; name = Foundation.framework; path = System/Library/Frameworks/Foundation.framework; sourceTree = SDKROOT; };
		03EE744C1824CAE700AB60C0 /* CoreGraphics.framework */ = {isa = PBXFileReference; lastKnownFileType = wrapper.framework; name = CoreGraphics.framework; path = System/Library/Frameworks/CoreGraphics.framework; sourceTree = SDKROOT; };
		03EE744E1824CAE700AB60C0 /* UIKit.framework */ = {isa = PBXFileReference; lastKnownFileType = wrapper.framework; name = UIKit.framework; path = System/Library/Frameworks/UIKit.framework; sourceTree = SDKROOT; };
		03EE74521824CAE700AB60C0 /* Bifurcan-Info.plist */ = {isa = PBXFileReference; lastKnownFileType = text.plist.xml; path = "Bifurcan-Info.plist"; sourceTree = "<group>"; };
		03EE74541824CAE700AB60C0 /* en */ = {isa = PBXFileReference; lastKnownFileType = text.plist.strings; name = en; path = en.lproj/InfoPlist.strings; sourceTree = "<group>"; };
		03EE74561824CAE700AB60C0 /* main.m */ = {isa = PBXFileReference; lastKnownFileType = sourcecode.c.objc; path = main.m; sourceTree = "<group>"; };
		03EE74581824CAE700AB60C0 /* Bifurcan-Prefix.pch */ = {isa = PBXFileReference; lastKnownFileType = sourcecode.c.h; path = "Bifurcan-Prefix.pch"; sourceTree = "<group>"; };
		03EE74591824CAE700AB60C0 /* xxiivvAppDelegate.h */ = {isa = PBXFileReference; lastKnownFileType = sourcecode.c.h; path = xxiivvAppDelegate.h; sourceTree = "<group>"; };
		03EE745A1824CAE700AB60C0 /* xxiivvAppDelegate.m */ = {isa = PBXFileReference; lastKnownFileType = sourcecode.c.objc; path = xxiivvAppDelegate.m; sourceTree = "<group>"; };
		03EE745D1824CAE700AB60C0 /* Base */ = {isa = PBXFileReference; lastKnownFileType = file.storyboard; name = Base; path = Base.lproj/Main.storyboard; sourceTree = "<group>"; };
		03EE745F1824CAE700AB60C0 /* xxiivvViewController.h */ = {isa = PBXFileReference; lastKnownFileType = sourcecode.c.h; path = xxiivvViewController.h; sourceTree = "<group>"; };
		03EE74601824CAE700AB60C0 /* xxiivvViewController.m */ = {isa = PBXFileReference; lastKnownFileType = sourcecode.c.objc; path = xxiivvViewController.m; sourceTree = "<group>"; };
		03EE74621824CAE700AB60C0 /* Images.xcassets */ = {isa = PBXFileReference; lastKnownFileType = folder.assetcatalog; path = Images.xcassets; sourceTree = "<group>"; };
		03EE74691824CAE700AB60C0 /* XCTest.framework */ = {isa = PBXFileReference; lastKnownFileType = wrapper.framework; name = XCTest.framework; path = Library/Frameworks/XCTest.framework; sourceTree = DEVELOPER_DIR; };
		580A03D81974AE9400F4111C /* AVFoundation.framework */ = {isa = PBXFileReference; lastKnownFileType = wrapper.framework; name = AVFoundation.framework; path = Platforms/MacOSX.platform/Developer/SDKs/MacOSX10.9.sdk/System/Library/Frameworks/AVFoundation.framework; sourceTree = DEVELOPER_DIR; };
		5819DB0D19762B23005DE70B /* thumbnail.png */ = {isa = PBXFileReference; lastKnownFileType = image.png; path = thumbnail.png; sourceTree = "<group>"; };
		5819DB0E19762B23005DE70B /* thumbnail@2x.png */ = {isa = PBXFileReference; lastKnownFileType = image.png; path = "thumbnail@2x.png"; sourceTree = "<group>"; };
		584EDA8819761E8400F4BE11 /* ConfigureSheet.nib */ = {isa = PBXFileReference; lastKnownFileType = wrapper.nib; path = ConfigureSheet.nib; sourceTree = "<group>"; };
		5896868A197351C3007873BF /* BifurcanMac.app */ = {isa = PBXFileReference; explicitFileType = wrapper.application; includeInIndex = 0; path = BifurcanMac.app; sourceTree = BUILT_PRODUCTS_DIR; };
		5896868B197351C3007873BF /* Cocoa.framework */ = {isa = PBXFileReference; lastKnownFileType = wrapper.framework; name = Cocoa.framework; path = Library/Frameworks/Cocoa.framework; sourceTree = DEVELOPER_DIR; };
		5896868E197351C3007873BF /* AppKit.framework */ = {isa = PBXFileReference; lastKnownFileType = wrapper.framework; name = AppKit.framework; path = Library/Frameworks/AppKit.framework; sourceTree = SDKROOT; };
		5896868F197351C4007873BF /* CoreData.framework */ = {isa = PBXFileReference; lastKnownFileType = wrapper.framework; name = CoreData.framework; path = Library/Frameworks/CoreData.framework; sourceTree = SDKROOT; };
		58968690197351C4007873BF /* Foundation.framework */ = {isa = PBXFileReference; lastKnownFileType = wrapper.framework; name = Foundation.framework; path = Library/Frameworks/Foundation.framework; sourceTree = SDKROOT; };
		58968693197351C4007873BF /* BifurcanMac-Info.plist */ = {isa = PBXFileReference; lastKnownFileType = text.plist.xml; path = "BifurcanMac-Info.plist"; sourceTree = "<group>"; };
		58968695197351C4007873BF /* en */ = {isa = PBXFileReference; lastKnownFileType = text.plist.strings; name = en; path = en.lproj/InfoPlist.strings; sourceTree = "<group>"; };
		58968697197351C4007873BF /* main.m */ = {isa = PBXFileReference; lastKnownFileType = sourcecode.c.objc; path = main.m; sourceTree = "<group>"; };
		58968699197351C4007873BF /* BifurcanMac-Prefix.pch */ = {isa = PBXFileReference; lastKnownFileType = sourcecode.c.h; path = "BifurcanMac-Prefix.pch"; sourceTree = "<group>"; };
		5896869B197351C4007873BF /* en */ = {isa = PBXFileReference; lastKnownFileType = text.rtf; name = en; path = en.lproj/Credits.rtf; sourceTree = "<group>"; };
		5896869D197351C4007873BF /* xxiivvAppDelegate.h */ = {isa = PBXFileReference; lastKnownFileType = sourcecode.c.h; path = xxiivvAppDelegate.h; sourceTree = "<group>"; };
		5896869E197351C4007873BF /* xxiivvAppDelegate.m */ = {isa = PBXFileReference; lastKnownFileType = sourcecode.c.objc; path = xxiivvAppDelegate.m; sourceTree = "<group>"; };
		589686A1197351C4007873BF /* Base */ = {isa = PBXFileReference; lastKnownFileType = file.xib; name = Base; path = Base.lproj/MainMenu.xib; sourceTree = "<group>"; };
		589686A3197351C4007873BF /* Images.xcassets */ = {isa = PBXFileReference; lastKnownFileType = folder.assetcatalog; path = Images.xcassets; sourceTree = "<group>"; };
		589686D9197395EB007873BF /* xxiivvBifView.h */ = {isa = PBXFileReference; fileEncoding = 4; lastKnownFileType = sourcecode.c.h; name = xxiivvBifView.h; path = BifurcanMac/xxiivvBifView.h; sourceTree = "<group>"; };
		589686DA197395EB007873BF /* xxiivvBifView.m */ = {isa = PBXFileReference; fileEncoding = 4; lastKnownFileType = sourcecode.c.objc; name = xxiivvBifView.m; path = BifurcanMac/xxiivvBifView.m; sourceTree = "<group>"; };
		58A9C0DC197625700020BFC7 /* UserDefaults.plist */ = {isa = PBXFileReference; fileEncoding = 4; lastKnownFileType = text.plist.xml; path = UserDefaults.plist; sourceTree = "<group>"; };
		58ACA5591974EE2100D99EE1 /* BifurcanSaver.saver */ = {isa = PBXFileReference; explicitFileType = wrapper.cfbundle; includeInIndex = 0; path = BifurcanSaver.saver; sourceTree = BUILT_PRODUCTS_DIR; };
		58ACA55B1974EE2100D99EE1 /* ScreenSaver.framework */ = {isa = PBXFileReference; lastKnownFileType = wrapper.framework; name = ScreenSaver.framework; path = Library/Frameworks/ScreenSaver.framework; sourceTree = DEVELOPER_DIR; };
		58ACA55F1974EE2100D99EE1 /* BifurcanSaver-Info.plist */ = {isa = PBXFileReference; lastKnownFileType = text.plist.xml; path = "BifurcanSaver-Info.plist"; sourceTree = "<group>"; };
		58ACA5611974EE2100D99EE1 /* en */ = {isa = PBXFileReference; lastKnownFileType = text.plist.strings; name = en; path = en.lproj/InfoPlist.strings; sourceTree = "<group>"; };
		58ACA5631974EE2100D99EE1 /* BifurcanSaver-Prefix.pch */ = {isa = PBXFileReference; lastKnownFileType = sourcecode.c.h; path = "BifurcanSaver-Prefix.pch"; sourceTree = "<group>"; };
		58ACA5641974EE2100D99EE1 /* BifurcanSaverView.h */ = {isa = PBXFileReference; lastKnownFileType = sourcecode.c.h; path = BifurcanSaverView.h; sourceTree = "<group>"; };
		58ACA5651974EE2100D99EE1 /* BifurcanSaverView.m */ = {isa = PBXFileReference; lastKnownFileType = sourcecode.c.objc; path = BifurcanSaverView.m; sourceTree = "<group>"; };
		58F3B7AC1974A894004A884A /* 1.left.png */ = {isa = PBXFileReference; lastKnownFileType = image.png; path = 1.left.png; sourceTree = "<group>"; };
		58F3B7AD1974A894004A884A /* 1.left@2x.png */ = {isa = PBXFileReference; lastKnownFileType = image.png; path = "1.left@2x.png"; sourceTree = "<group>"; };
		58F3B7AE1974A894004A884A /* 1.right.png */ = {isa = PBXFileReference; lastKnownFileType = image.png; path = 1.right.png; sourceTree = "<group>"; };
		58F3B7AF1974A894004A884A /* 1.right@2x.png */ = {isa = PBXFileReference; lastKnownFileType = image.png; path = "1.right@2x.png"; sourceTree = "<group>"; };
		58F3B7B01974A894004A884A /* 2.left.png */ = {isa = PBXFileReference; lastKnownFileType = image.png; path = 2.left.png; sourceTree = "<group>"; };
		58F3B7B11974A894004A884A /* 2.left@2x.png */ = {isa = PBXFileReference; lastKnownFileType = image.png; path = "2.left@2x.png"; sourceTree = "<group>"; };
		58F3B7B21974A894004A884A /* 2.right.png */ = {isa = PBXFileReference; lastKnownFileType = image.png; path = 2.right.png; sourceTree = "<group>"; };
		58F3B7B31974A894004A884A /* 2.right@2x.png */ = {isa = PBXFileReference; lastKnownFileType = image.png; path = "2.right@2x.png"; sourceTree = "<group>"; };
		58F3B7B41974A894004A884A /* 3.left.png */ = {isa = PBXFileReference; lastKnownFileType = image.png; path = 3.left.png; sourceTree = "<group>"; };
		58F3B7B51974A894004A884A /* 3.left@2x.png */ = {isa = PBXFileReference; lastKnownFileType = image.png; path = "3.left@2x.png"; sourceTree = "<group>"; };
		58F3B7B61974A894004A884A /* 3.right.png */ = {isa = PBXFileReference; lastKnownFileType = image.png; path = 3.right.png; sourceTree = "<group>"; };
		58F3B7B71974A894004A884A /* 3.right@2x.png */ = {isa = PBXFileReference; lastKnownFileType = image.png; path = "3.right@2x.png"; sourceTree = "<group>"; };
		58F3B7B81974A894004A884A /* 4.left.png */ = {isa = PBXFileReference; lastKnownFileType = image.png; path = 4.left.png; sourceTree = "<group>"; };
		58F3B7B91974A894004A884A /* 4.left@2x.png */ = {isa = PBXFileReference; lastKnownFileType = image.png; path = "4.left@2x.png"; sourceTree = "<group>"; };
		58F3B7BA1974A894004A884A /* 4.right.png */ = {isa = PBXFileReference; lastKnownFileType = image.png; path = 4.right.png; sourceTree = "<group>"; };
		58F3B7BB1974A894004A884A /* 4.right@2x.png */ = {isa = PBXFileReference; lastKnownFileType = image.png; path = "4.right@2x.png"; sourceTree = "<group>"; };
		58F3B7BC1974A894004A884A /* 5.left.png */ = {isa = PBXFileReference; lastKnownFileType = image.png; path = 5.left.png; sourceTree = "<group>"; };
		58F3B7BD1974A894004A884A /* 5.left@2x.png */ = {isa = PBXFileReference; lastKnownFileType = image.png; path = "5.left@2x.png"; sourceTree = "<group>"; };
		58F3B7BE1974A894004A884A /* 5.right.png */ = {isa = PBXFileReference; lastKnownFileType = image.png; path = 5.right.png; sourceTree = "<group>"; };
		58F3B7BF1974A894004A884A /* 5.right@2x.png */ = {isa = PBXFileReference; lastKnownFileType = image.png; path = "5.right@2x.png"; sourceTree = "<group>"; };
/* End PBXFileReference section */

/* Begin PBXFrameworksBuildPhase section */
		03EE74441824CAE700AB60C0 /* Frameworks */ = {
			isa = PBXFrameworksBuildPhase;
			buildActionMask = 2147483647;
			files = (
				03C8CD1D195476D400E3E267 /* AudioToolbox.framework in Frameworks */,
				03C8CD1B195476CE00E3E267 /* AVFoundation.framework in Frameworks */,
				03EE744D1824CAE700AB60C0 /* CoreGraphics.framework in Frameworks */,
				03EE744F1824CAE700AB60C0 /* UIKit.framework in Frameworks */,
				03EE744B1824CAE700AB60C0 /* Foundation.framework in Frameworks */,
			);
			runOnlyForDeploymentPostprocessing = 0;
		};
		58968687197351C3007873BF /* Frameworks */ = {
			isa = PBXFrameworksBuildPhase;
			buildActionMask = 2147483647;
			files = (
				580A03D91974AE9400F4111C /* AVFoundation.framework in Frameworks */,
				5896868C197351C3007873BF /* Cocoa.framework in Frameworks */,
			);
			runOnlyForDeploymentPostprocessing = 0;
		};
		58ACA5541974EE2100D99EE1 /* Frameworks */ = {
			isa = PBXFrameworksBuildPhase;
			buildActionMask = 2147483647;
			files = (
				58ACA55C1974EE2100D99EE1 /* ScreenSaver.framework in Frameworks */,
				58ACA55A1974EE2100D99EE1 /* Cocoa.framework in Frameworks */,
			);
			runOnlyForDeploymentPostprocessing = 0;
		};
/* End PBXFrameworksBuildPhase section */

/* Begin PBXGroup section */
		03C6F6851954B0D20012BABA /* splash */ = {
			isa = PBXGroup;
			children = (
				03C6F6861954B0D20012BABA /* segueFade.h */,
				03C6F6871954B0D20012BABA /* segueFade.m */,
				03C6F6881954B0D20012BABA /* splash.load.png */,
				03C6F6891954B0D20012BABA /* splash.logo.png */,
				03C6F68A1954B0D20012BABA /* splash.support.png */,
				03C6F68B1954B0D20012BABA /* splash.tune.wav */,
				03C6F68C1954B0D20012BABA /* xxiivvSplash.h */,
				03C6F68D1954B0D20012BABA /* xxiivvSplash.m */,
			);
			path = splash;
			sourceTree = "<group>";
		};
		03EE743E1824CAE700AB60C0 = {
			isa = PBXGroup;
			children = (
				58F593B219775FDC00642FD6 /* iPad */,
				58ACA5521974B4EC00D99EE1 /* Common */,
				58F3B7AB1974A894004A884A /* images */,
				03EE74501824CAE700AB60C0 /* Forking Paths */,
				58968691197351C4007873BF /* BifurcanMac */,
				58ACA55D1974EE2100D99EE1 /* BifurcanSaver */,
				03EE74491824CAE700AB60C0 /* Frameworks */,
				03EE74481824CAE700AB60C0 /* Products */,
			);
			sourceTree = "<group>";
		};
		03EE74481824CAE700AB60C0 /* Products */ = {
			isa = PBXGroup;
			children = (
				03EE74471824CAE700AB60C0 /* Bifurcan.app */,
				5896868A197351C3007873BF /* BifurcanMac.app */,
				58ACA5591974EE2100D99EE1 /* BifurcanSaver.saver */,
			);
			name = Products;
			sourceTree = "<group>";
		};
		03EE74491824CAE700AB60C0 /* Frameworks */ = {
			isa = PBXGroup;
			children = (
				580A03D81974AE9400F4111C /* AVFoundation.framework */,
				03C8CD1C195476D400E3E267 /* AudioToolbox.framework */,
				03C8CD1A195476CE00E3E267 /* AVFoundation.framework */,
				03EE744A1824CAE700AB60C0 /* Foundation.framework */,
				03EE744C1824CAE700AB60C0 /* CoreGraphics.framework */,
				03EE744E1824CAE700AB60C0 /* UIKit.framework */,
				03EE74691824CAE700AB60C0 /* XCTest.framework */,
				5896868B197351C3007873BF /* Cocoa.framework */,
				58ACA55B1974EE2100D99EE1 /* ScreenSaver.framework */,
				5896868D197351C3007873BF /* Other Frameworks */,
			);
			name = Frameworks;
			sourceTree = "<group>";
		};
		03EE74501824CAE700AB60C0 /* Forking Paths */ = {
			isa = PBXGroup;
			children = (
				0397BC5019A68F3F0069B069 /* icon.60.png */,
				0397BC5119A68F3F0069B069 /* icon.76.png */,
				0397BC5219A68F3F0069B069 /* icon.152.png */,
				03C8CD1E19547D1000E3E267 /* icon.120.png */,
				03C6F6851954B0D20012BABA /* splash */,
				03C8CD181954759600E3E267 /* splash.xxiivv.png */,
				03EE74591824CAE700AB60C0 /* xxiivvAppDelegate.h */,
				03EE745A1824CAE700AB60C0 /* xxiivvAppDelegate.m */,
				03EE745C1824CAE700AB60C0 /* Main.storyboard */,
				03EE745F1824CAE700AB60C0 /* xxiivvViewController.h */,
				03EE74601824CAE700AB60C0 /* xxiivvViewController.m */,
				03EE74621824CAE700AB60C0 /* Images.xcassets */,
				03EE74511824CAE700AB60C0 /* Supporting Files */,
			);
			path = "Forking Paths";
			sourceTree = "<group>";
		};
		03EE74511824CAE700AB60C0 /* Supporting Files */ = {
			isa = PBXGroup;
			children = (
				03EE74521824CAE700AB60C0 /* Bifurcan-Info.plist */,
				03EE74531824CAE700AB60C0 /* InfoPlist.strings */,
				03EE74561824CAE700AB60C0 /* main.m */,
				03EE74581824CAE700AB60C0 /* Bifurcan-Prefix.pch */,
			);
			name = "Supporting Files";
			sourceTree = "<group>";
		};
		5896868D197351C3007873BF /* Other Frameworks */ = {
			isa = PBXGroup;
			children = (
				5896868E197351C3007873BF /* AppKit.framework */,
				5896868F197351C4007873BF /* CoreData.framework */,
				58968690197351C4007873BF /* Foundation.framework */,
			);
			name = "Other Frameworks";
			sourceTree = "<group>";
		};
		58968691197351C4007873BF /* BifurcanMac */ = {
			isa = PBXGroup;
			children = (
				5896869D197351C4007873BF /* xxiivvAppDelegate.h */,
				5896869E197351C4007873BF /* xxiivvAppDelegate.m */,
				589686A0197351C4007873BF /* MainMenu.xib */,
				589686A3197351C4007873BF /* Images.xcassets */,
				58968692197351C4007873BF /* Supporting Files */,
			);
			path = BifurcanMac;
			sourceTree = "<group>";
		};
		58968692197351C4007873BF /* Supporting Files */ = {
			isa = PBXGroup;
			children = (
				58968693197351C4007873BF /* BifurcanMac-Info.plist */,
				58968694197351C4007873BF /* InfoPlist.strings */,
				58968697197351C4007873BF /* main.m */,
				58968699197351C4007873BF /* BifurcanMac-Prefix.pch */,
				5896869A197351C4007873BF /* Credits.rtf */,
			);
			name = "Supporting Files";
			sourceTree = "<group>";
		};
		58ACA5521974B4EC00D99EE1 /* Common */ = {
			isa = PBXGroup;
			children = (
				03C8CD0C1954757B00E3E267 /* click.fast.wav */,
				03C8CD0D1954757B00E3E267 /* click.high.wav */,
				03C8CD0E1954757B00E3E267 /* click.low.wav */,
				589686D9197395EB007873BF /* xxiivvBifView.h */,
				589686DA197395EB007873BF /* xxiivvBifView.m */,
			);
			name = Common;
			sourceTree = "<group>";
		};
		58ACA55D1974EE2100D99EE1 /* BifurcanSaver */ = {
			isa = PBXGroup;
			children = (
				5819DB0D19762B23005DE70B /* thumbnail.png */,
				5819DB0E19762B23005DE70B /* thumbnail@2x.png */,
				584EDA8819761E8400F4BE11 /* ConfigureSheet.nib */,
				58A9C0DC197625700020BFC7 /* UserDefaults.plist */,
				58ACA5641974EE2100D99EE1 /* BifurcanSaverView.h */,
				58ACA5651974EE2100D99EE1 /* BifurcanSaverView.m */,
				58ACA55E1974EE2100D99EE1 /* Supporting Files */,
			);
			path = BifurcanSaver;
			sourceTree = "<group>";
		};
		58ACA55E1974EE2100D99EE1 /* Supporting Files */ = {
			isa = PBXGroup;
			children = (
				58ACA55F1974EE2100D99EE1 /* BifurcanSaver-Info.plist */,
				58ACA5601974EE2100D99EE1 /* InfoPlist.strings */,
				58ACA5631974EE2100D99EE1 /* BifurcanSaver-Prefix.pch */,
			);
			name = "Supporting Files";
			sourceTree = "<group>";
		};
		58F3B7AB1974A894004A884A /* images */ = {
			isa = PBXGroup;
			children = (
				0397BC5619A692140069B069 /* 6.left.png */,
				0397BC5719A692140069B069 /* 6.left@2x.png */,
				0397BC5819A692140069B069 /* 6.right.png */,
				0397BC5919A692140069B069 /* 6.right@2x.png */,
				58F3B7AC1974A894004A884A /* 1.left.png */,
				58F3B7AD1974A894004A884A /* 1.left@2x.png */,
				58F3B7AE1974A894004A884A /* 1.right.png */,
				58F3B7AF1974A894004A884A /* 1.right@2x.png */,
				58F3B7B01974A894004A884A /* 2.left.png */,
				58F3B7B11974A894004A884A /* 2.left@2x.png */,
				58F3B7B21974A894004A884A /* 2.right.png */,
				58F3B7B31974A894004A884A /* 2.right@2x.png */,
				58F3B7B41974A894004A884A /* 3.left.png */,
				58F3B7B51974A894004A884A /* 3.left@2x.png */,
				58F3B7B61974A894004A884A /* 3.right.png */,
				58F3B7B71974A894004A884A /* 3.right@2x.png */,
				58F3B7B81974A894004A884A /* 4.left.png */,
				58F3B7B91974A894004A884A /* 4.left@2x.png */,
				58F3B7BA1974A894004A884A /* 4.right.png */,
				58F3B7BB1974A894004A884A /* 4.right@2x.png */,
				58F3B7BC1974A894004A884A /* 5.left.png */,
				58F3B7BD1974A894004A884A /* 5.left@2x.png */,
				58F3B7BE1974A894004A884A /* 5.right.png */,
				58F3B7BF1974A894004A884A /* 5.right@2x.png */,
			);
			path = images;
			sourceTree = "<group>";
		};
		58F593B219775FDC00642FD6 /* iPad */ = {
			isa = PBXGroup;
			children = (
			);
			name = iPad;
			sourceTree = "<group>";
		};
/* End PBXGroup section */

/* Begin PBXHeadersBuildPhase section */
		58ACA5551974EE2100D99EE1 /* Headers */ = {
			isa = PBXHeadersBuildPhase;
			buildActionMask = 2147483647;
			files = (
			);
			runOnlyForDeploymentPostprocessing = 0;
		};
/* End PBXHeadersBuildPhase section */

/* Begin PBXNativeTarget section */
		03EE74461824CAE700AB60C0 /* Bifurcan */ = {
			isa = PBXNativeTarget;
			buildConfigurationList = 03EE74791824CAE700AB60C0 /* Build configuration list for PBXNativeTarget "Bifurcan" */;
			buildPhases = (
				03EE74431824CAE700AB60C0 /* Sources */,
				03EE74441824CAE700AB60C0 /* Frameworks */,
				03EE74451824CAE700AB60C0 /* Resources */,
			);
			buildRules = (
			);
			dependencies = (
			);
			name = Bifurcan;
			productName = "Forking Paths";
			productReference = 03EE74471824CAE700AB60C0 /* Bifurcan.app */;
			productType = "com.apple.product-type.application";
		};
		58968689197351C3007873BF /* BifurcanMac */ = {
			isa = PBXNativeTarget;
			buildConfigurationList = 589686BA197351C4007873BF /* Build configuration list for PBXNativeTarget "BifurcanMac" */;
			buildPhases = (
				58968686197351C3007873BF /* Sources */,
				58968687197351C3007873BF /* Frameworks */,
				58968688197351C3007873BF /* Resources */,
			);
			buildRules = (
			);
			dependencies = (
			);
			name = BifurcanMac;
			productName = BifurcanMac;
			productReference = 5896868A197351C3007873BF /* BifurcanMac.app */;
			productType = "com.apple.product-type.application";
		};
		58ACA5581974EE2100D99EE1 /* BifurcanSaver */ = {
			isa = PBXNativeTarget;
			buildConfigurationList = 58ACA5671974EE2100D99EE1 /* Build configuration list for PBXNativeTarget "BifurcanSaver" */;
			buildPhases = (
				58ACA5531974EE2100D99EE1 /* Sources */,
				58ACA5541974EE2100D99EE1 /* Frameworks */,
				58ACA5551974EE2100D99EE1 /* Headers */,
				58ACA5561974EE2100D99EE1 /* Resources */,
				58ACA5571974EE2100D99EE1 /* Rez */,
			);
			buildRules = (
			);
			dependencies = (
			);
			name = BifurcanSaver;
			productName = BifurcanSaver;
			productReference = 58ACA5591974EE2100D99EE1 /* BifurcanSaver.saver */;
			productType = "com.apple.product-type.bundle";
		};
/* End PBXNativeTarget section */

/* Begin PBXProject section */
		03EE743F1824CAE700AB60C0 /* Project object */ = {
			isa = PBXProject;
			attributes = {
				CLASSPREFIX = xxiivv;
				LastUpgradeCheck = 0610;
				ORGANIZATIONNAME = XXIIVV;
			};
			buildConfigurationList = 03EE74421824CAE700AB60C0 /* Build configuration list for PBXProject "Bifurcan" */;
			compatibilityVersion = "Xcode 3.2";
			developmentRegion = English;
			hasScannedForEncodings = 0;
			knownRegions = (
				en,
				Base,
			);
			mainGroup = 03EE743E1824CAE700AB60C0;
			productRefGroup = 03EE74481824CAE700AB60C0 /* Products */;
			projectDirPath = "";
			projectRoot = "";
			targets = (
				03EE74461824CAE700AB60C0 /* Bifurcan */,
				58968689197351C3007873BF /* BifurcanMac */,
				58ACA5581974EE2100D99EE1 /* BifurcanSaver */,
			);
		};
/* End PBXProject section */

/* Begin PBXResourcesBuildPhase section */
		03EE74451824CAE700AB60C0 /* Resources */ = {
			isa = PBXResourcesBuildPhase;
			buildActionMask = 2147483647;
			files = (
				0397BC5A19A692140069B069 /* 6.left.png in Resources */,
				03C8CD131954757B00E3E267 /* click.fast.wav in Resources */,
				0397BC5319A68F3F0069B069 /* icon.60.png in Resources */,
				58F3B7E61974A894004A884A /* 5.left@2x.png in Resources */,
				58F3B7CA1974A894004A884A /* 1.right@2x.png in Resources */,
				03EE74631824CAE700AB60C0 /* Images.xcassets in Resources */,
				58F3B7D21974A894004A884A /* 2.right@2x.png in Resources */,
				03C8CD191954759600E3E267 /* splash.xxiivv.png in Resources */,
				58F3B7E41974A894004A884A /* 5.left.png in Resources */,
				58F3B7D81974A894004A884A /* 3.right.png in Resources */,
				58F3B7E01974A894004A884A /* 4.right.png in Resources */,
				58F3B7EA1974A894004A884A /* 5.right@2x.png in Resources */,
				58F3B7D61974A894004A884A /* 3.left@2x.png in Resources */,
				58F3B7D01974A894004A884A /* 2.right.png in Resources */,
				0397BC5519A68F3F0069B069 /* icon.152.png in Resources */,
				0397BC5B19A692140069B069 /* 6.left@2x.png in Resources */,
				58F3B7DA1974A894004A884A /* 3.right@2x.png in Resources */,
				03C8CD141954757B00E3E267 /* click.high.wav in Resources */,
				58F3B7DC1974A894004A884A /* 4.left.png in Resources */,
				03EE74551824CAE700AB60C0 /* InfoPlist.strings in Resources */,
				58F3B7CC1974A894004A884A /* 2.left.png in Resources */,
				0397BC5419A68F3F0069B069 /* icon.76.png in Resources */,
				58F3B7D41974A894004A884A /* 3.left.png in Resources */,
				03EE745E1824CAE700AB60C0 /* Main.storyboard in Resources */,
				58F3B7E21974A894004A884A /* 4.right@2x.png in Resources */,
				58F3B7C61974A894004A884A /* 1.left@2x.png in Resources */,
				03C8CD151954757B00E3E267 /* click.low.wav in Resources */,
				03C6F6911954B0D20012BABA /* splash.support.png in Resources */,
				58F3B7DE1974A894004A884A /* 4.left@2x.png in Resources */,
				03C8CD1F19547D1000E3E267 /* icon.120.png in Resources */,
				58F3B7C81974A894004A884A /* 1.right.png in Resources */,
				58F3B7CE1974A894004A884A /* 2.left@2x.png in Resources */,
				0397BC5C19A692140069B069 /* 6.right.png in Resources */,
				03C6F6921954B0D20012BABA /* splash.tune.wav in Resources */,
				58F3B7C41974A894004A884A /* 1.left.png in Resources */,
				03C6F6901954B0D20012BABA /* splash.logo.png in Resources */,
				0397BC5D19A692140069B069 /* 6.right@2x.png in Resources */,
				03C6F68F1954B0D20012BABA /* splash.load.png in Resources */,
				58F3B7E81974A894004A884A /* 5.right.png in Resources */,
			);
			runOnlyForDeploymentPostprocessing = 0;
		};
		58968688197351C3007873BF /* Resources */ = {
			isa = PBXResourcesBuildPhase;
			buildActionMask = 2147483647;
			files = (
				58ACA5791974EF2F00D99EE1 /* 3.left@2x.png in Resources */,
				58968696197351C4007873BF /* InfoPlist.strings in Resources */,
				58ACA57E1974EF2F00D99EE1 /* 4.right.png in Resources */,
				58ACA57F1974EF2F00D99EE1 /* 4.right@2x.png in Resources */,
				589686D51973627C007873BF /* click.fast.wav in Resources */,
				58ACA5801974EF2F00D99EE1 /* 5.left.png in Resources */,
				58ACA5811974EF2F00D99EE1 /* 5.left@2x.png in Resources */,
				030EA15219A8DB0800162E71 /* 6.right@2x.png in Resources */,
				58ACA5741974EF2F00D99EE1 /* 2.left.png in Resources */,
				58ACA5701974EF2F00D99EE1 /* 1.left.png in Resources */,
				58ACA5761974EF2F00D99EE1 /* 2.right.png in Resources */,
				589686D61973627C007873BF /* click.high.wav in Resources */,
				030EA15019A8DB0800162E71 /* 6.left@2x.png in Resources */,
				58ACA57A1974EF2F00D99EE1 /* 3.right.png in Resources */,
				58ACA5731974EF2F00D99EE1 /* 1.right@2x.png in Resources */,
				589686A4197351C4007873BF /* Images.xcassets in Resources */,
				589686D71973627C007873BF /* click.low.wav in Resources */,
				58ACA57C1974EF2F00D99EE1 /* 4.left.png in Resources */,
				030EA14F19A8DB0800162E71 /* 6.left.png in Resources */,
				58ACA5781974EF2F00D99EE1 /* 3.left.png in Resources */,
				58ACA5771974EF2F00D99EE1 /* 2.right@2x.png in Resources */,
				58ACA5711974EF2F00D99EE1 /* 1.left@2x.png in Resources */,
				5896869C197351C4007873BF /* Credits.rtf in Resources */,
				58ACA5821974EF2F00D99EE1 /* 5.right.png in Resources */,
				58ACA5721974EF2F00D99EE1 /* 1.right.png in Resources */,
				030EA15119A8DB0800162E71 /* 6.right.png in Resources */,
				58ACA5751974EF2F00D99EE1 /* 2.left@2x.png in Resources */,
				58ACA5831974EF2F00D99EE1 /* 5.right@2x.png in Resources */,
				58ACA57B1974EF2F00D99EE1 /* 3.right@2x.png in Resources */,
				589686A2197351C4007873BF /* MainMenu.xib in Resources */,
				58ACA57D1974EF2F00D99EE1 /* 4.left@2x.png in Resources */,
			);
			runOnlyForDeploymentPostprocessing = 0;
		};
		58ACA5561974EE2100D99EE1 /* Resources */ = {
			isa = PBXResourcesBuildPhase;
			buildActionMask = 2147483647;
			files = (
				58ACA56B1974EF2100D99EE1 /* click.fast.wav in Resources */,
				5819DB1019762B23005DE70B /* thumbnail@2x.png in Resources */,
				030EA15519A8DB0900162E71 /* 6.right.png in Resources */,
				58ACA58D1974EF3000D99EE1 /* 2.left@2x.png in Resources */,
				5819DB0F19762B23005DE70B /* thumbnail.png in Resources */,
				58A9C0DD197625700020BFC7 /* UserDefaults.plist in Resources */,
				58ACA5981974EF3000D99EE1 /* 5.left.png in Resources */,
				58ACA5971974EF3000D99EE1 /* 4.right@2x.png in Resources */,
				58ACA56D1974EF2100D99EE1 /* click.low.wav in Resources */,
				58ACA58E1974EF3000D99EE1 /* 2.right.png in Resources */,
				58ACA5951974EF3000D99EE1 /* 4.left@2x.png in Resources */,
				58ACA58A1974EF3000D99EE1 /* 1.right.png in Resources */,
				58ACA56C1974EF2100D99EE1 /* click.high.wav in Resources */,
				030EA15619A8DB0900162E71 /* 6.right@2x.png in Resources */,
				58ACA5621974EE2100D99EE1 /* InfoPlist.strings in Resources */,
				030EA15419A8DB0900162E71 /* 6.left@2x.png in Resources */,
				58ACA58F1974EF3000D99EE1 /* 2.right@2x.png in Resources */,
				58ACA5911974EF3000D99EE1 /* 3.left@2x.png in Resources */,
				58ACA58C1974EF3000D99EE1 /* 2.left.png in Resources */,
				58ACA5881974EF3000D99EE1 /* 1.left.png in Resources */,
				030EA15319A8DB0900162E71 /* 6.left.png in Resources */,
				58ACA5901974EF3000D99EE1 /* 3.left.png in Resources */,
				58ACA5961974EF3000D99EE1 /* 4.right.png in Resources */,
				58ACA5931974EF3000D99EE1 /* 3.right@2x.png in Resources */,
				58ACA59B1974EF3000D99EE1 /* 5.right@2x.png in Resources */,
				58ACA5991974EF3000D99EE1 /* 5.left@2x.png in Resources */,
				584EDA8919761E8400F4BE11 /* ConfigureSheet.nib in Resources */,
				58ACA5941974EF3000D99EE1 /* 4.left.png in Resources */,
				58ACA5921974EF3000D99EE1 /* 3.right.png in Resources */,
				58ACA58B1974EF3000D99EE1 /* 1.right@2x.png in Resources */,
				58ACA5891974EF3000D99EE1 /* 1.left@2x.png in Resources */,
				58ACA59A1974EF3000D99EE1 /* 5.right.png in Resources */,
			);
			runOnlyForDeploymentPostprocessing = 0;
		};
/* End PBXResourcesBuildPhase section */

/* Begin PBXRezBuildPhase section */
		58ACA5571974EE2100D99EE1 /* Rez */ = {
			isa = PBXRezBuildPhase;
			buildActionMask = 2147483647;
			files = (
			);
			runOnlyForDeploymentPostprocessing = 0;
		};
/* End PBXRezBuildPhase section */

/* Begin PBXSourcesBuildPhase section */
		03EE74431824CAE700AB60C0 /* Sources */ = {
			isa = PBXSourcesBuildPhase;
			buildActionMask = 2147483647;
			files = (
				03EE745B1824CAE700AB60C0 /* xxiivvAppDelegate.m in Sources */,
				03EE74611824CAE700AB60C0 /* xxiivvViewController.m in Sources */,
				03EE74571824CAE700AB60C0 /* main.m in Sources */,
				03C6F6931954B0D20012BABA /* xxiivvSplash.m in Sources */,
				58F3B7AA1974A184004A884A /* xxiivvBifView.m in Sources */,
				03C6F68E1954B0D20012BABA /* segueFade.m in Sources */,
			);
			runOnlyForDeploymentPostprocessing = 0;
		};
		58968686197351C3007873BF /* Sources */ = {
			isa = PBXSourcesBuildPhase;
			buildActionMask = 2147483647;
			files = (
				5896869F197351C4007873BF /* xxiivvAppDelegate.m in Sources */,
				589686DB197395EB007873BF /* xxiivvBifView.m in Sources */,
				58968698197351C4007873BF /* main.m in Sources */,
			);
			runOnlyForDeploymentPostprocessing = 0;
		};
		58ACA5531974EE2100D99EE1 /* Sources */ = {
			isa = PBXSourcesBuildPhase;
			buildActionMask = 2147483647;
			files = (
				58ACA56F1974EF2100D99EE1 /* xxiivvBifView.m in Sources */,
				58ACA5661974EE2100D99EE1 /* BifurcanSaverView.m in Sources */,
			);
			runOnlyForDeploymentPostprocessing = 0;
		};
/* End PBXSourcesBuildPhase section */

/* Begin PBXVariantGroup section */
		03EE74531824CAE700AB60C0 /* InfoPlist.strings */ = {
			isa = PBXVariantGroup;
			children = (
				03EE74541824CAE700AB60C0 /* en */,
			);
			name = InfoPlist.strings;
			sourceTree = "<group>";
		};
		03EE745C1824CAE700AB60C0 /* Main.storyboard */ = {
			isa = PBXVariantGroup;
			children = (
				03EE745D1824CAE700AB60C0 /* Base */,
			);
			name = Main.storyboard;
			sourceTree = "<group>";
		};
		58968694197351C4007873BF /* InfoPlist.strings */ = {
			isa = PBXVariantGroup;
			children = (
				58968695197351C4007873BF /* en */,
			);
			name = InfoPlist.strings;
			sourceTree = "<group>";
		};
		5896869A197351C4007873BF /* Credits.rtf */ = {
			isa = PBXVariantGroup;
			children = (
				5896869B197351C4007873BF /* en */,
			);
			name = Credits.rtf;
			sourceTree = "<group>";
		};
		589686A0197351C4007873BF /* MainMenu.xib */ = {
			isa = PBXVariantGroup;
			children = (
				589686A1197351C4007873BF /* Base */,
			);
			name = MainMenu.xib;
			sourceTree = "<group>";
		};
		58ACA5601974EE2100D99EE1 /* InfoPlist.strings */ = {
			isa = PBXVariantGroup;
			children = (
				58ACA5611974EE2100D99EE1 /* en */,
			);
			name = InfoPlist.strings;
			sourceTree = "<group>";
		};
/* End PBXVariantGroup section */

/* Begin XCBuildConfiguration section */
		03EE74771824CAE700AB60C0 /* Debug */ = {
			isa = XCBuildConfiguration;
			buildSettings = {
				ALWAYS_SEARCH_USER_PATHS = NO;
				CLANG_CXX_LANGUAGE_STANDARD = "gnu++0x";
				CLANG_CXX_LIBRARY = "libc++";
				CLANG_ENABLE_MODULES = YES;
				CLANG_ENABLE_OBJC_ARC = YES;
				CLANG_WARN_BOOL_CONVERSION = YES;
				CLANG_WARN_CONSTANT_CONVERSION = YES;
				CLANG_WARN_DIRECT_OBJC_ISA_USAGE = YES_ERROR;
				CLANG_WARN_EMPTY_BODY = YES;
				CLANG_WARN_ENUM_CONVERSION = YES;
				CLANG_WARN_INT_CONVERSION = YES;
				CLANG_WARN_OBJC_ROOT_CLASS = YES_ERROR;
				CLANG_WARN__DUPLICATE_METHOD_MATCH = YES;
				CODE_SIGN_IDENTITY = "iPhone Distribution: David Mondou-Labbe";
				"CODE_SIGN_IDENTITY[sdk=iphoneos*]" = "iPhone Developer";
				COPY_PHASE_STRIP = NO;
				GCC_C_LANGUAGE_STANDARD = gnu99;
				GCC_DYNAMIC_NO_PIC = NO;
				GCC_OPTIMIZATION_LEVEL = 0;
				GCC_PREPROCESSOR_DEFINITIONS = (
					"DEBUG=1",
					"$(inherited)",
				);
				GCC_SYMBOLS_PRIVATE_EXTERN = NO;
				GCC_WARN_64_TO_32_BIT_CONVERSION = YES;
				GCC_WARN_ABOUT_RETURN_TYPE = YES_ERROR;
				GCC_WARN_UNDECLARED_SELECTOR = YES;
				GCC_WARN_UNINITIALIZED_AUTOS = YES;
				GCC_WARN_UNUSED_FUNCTION = YES;
				GCC_WARN_UNUSED_VARIABLE = YES;
				IPHONEOS_DEPLOYMENT_TARGET = 7.0;
				MACOSX_DEPLOYMENT_TARGET = 10.9;
				ONLY_ACTIVE_ARCH = YES;
				SDKROOT = iphoneos;
			};
			name = Debug;
		};
		03EE74781824CAE700AB60C0 /* Release */ = {
			isa = XCBuildConfiguration;
			buildSettings = {
				ALWAYS_SEARCH_USER_PATHS = NO;
				CLANG_CXX_LANGUAGE_STANDARD = "gnu++0x";
				CLANG_CXX_LIBRARY = "libc++";
				CLANG_ENABLE_MODULES = YES;
				CLANG_ENABLE_OBJC_ARC = YES;
				CLANG_WARN_BOOL_CONVERSION = YES;
				CLANG_WARN_CONSTANT_CONVERSION = YES;
				CLANG_WARN_DIRECT_OBJC_ISA_USAGE = YES_ERROR;
				CLANG_WARN_EMPTY_BODY = YES;
				CLANG_WARN_ENUM_CONVERSION = YES;
				CLANG_WARN_INT_CONVERSION = YES;
				CLANG_WARN_OBJC_ROOT_CLASS = YES_ERROR;
				CLANG_WARN__DUPLICATE_METHOD_MATCH = YES;
				CODE_SIGN_IDENTITY = "iPhone Distribution: David Mondou-Labbe";
				"CODE_SIGN_IDENTITY[sdk=iphoneos*]" = "iPhone Developer";
				COPY_PHASE_STRIP = YES;
				ENABLE_NS_ASSERTIONS = NO;
				GCC_C_LANGUAGE_STANDARD = gnu99;
				GCC_WARN_64_TO_32_BIT_CONVERSION = YES;
				GCC_WARN_ABOUT_RETURN_TYPE = YES_ERROR;
				GCC_WARN_UNDECLARED_SELECTOR = YES;
				GCC_WARN_UNINITIALIZED_AUTOS = YES;
				GCC_WARN_UNUSED_FUNCTION = YES;
				GCC_WARN_UNUSED_VARIABLE = YES;
				IPHONEOS_DEPLOYMENT_TARGET = 7.0;
				MACOSX_DEPLOYMENT_TARGET = 10.9;
				SDKROOT = iphoneos;
				VALIDATE_PRODUCT = YES;
			};
			name = Release;
		};
		03EE747A1824CAE700AB60C0 /* Debug */ = {
			isa = XCBuildConfiguration;
			buildSettings = {
				ASSETCATALOG_COMPILER_APPICON_NAME = AppIcon;
				GCC_PRECOMPILE_PREFIX_HEADER = YES;
				GCC_PREFIX_HEADER = "Forking Paths/Bifurcan-Prefix.pch";
				INFOPLIST_FILE = "Forking Paths/Bifurcan-Info.plist";
				IPHONEOS_DEPLOYMENT_TARGET = 7.0;
				PRODUCT_NAME = Bifurcan;
				PROVISIONING_PROFILE = "";
				TARGETED_DEVICE_FAMILY = "1,2";
				WRAPPER_EXTENSION = app;
			};
			name = Debug;
		};
		03EE747B1824CAE700AB60C0 /* Release */ = {
			isa = XCBuildConfiguration;
			buildSettings = {
				ASSETCATALOG_COMPILER_APPICON_NAME = AppIcon;
				GCC_PRECOMPILE_PREFIX_HEADER = YES;
				GCC_PREFIX_HEADER = "Forking Paths/Bifurcan-Prefix.pch";
				INFOPLIST_FILE = "Forking Paths/Bifurcan-Info.plist";
				IPHONEOS_DEPLOYMENT_TARGET = 7.0;
				PRODUCT_NAME = Bifurcan;
				PROVISIONING_PROFILE = "";
				TARGETED_DEVICE_FAMILY = "1,2";
				WRAPPER_EXTENSION = app;
			};
			name = Release;
		};
		589686B6197351C4007873BF /* Debug */ = {
			isa = XCBuildConfiguration;
			buildSettings = {
				ASSETCATALOG_COMPILER_APPICON_NAME = AppIcon;
				CODE_SIGN_IDENTITY = "";
				COMBINE_HIDPI_IMAGES = YES;
				FRAMEWORK_SEARCH_PATHS = (
					"$(inherited)",
					"$(DEVELOPER_FRAMEWORKS_DIR)",
				);
				GCC_ENABLE_OBJC_EXCEPTIONS = YES;
				GCC_PRECOMPILE_PREFIX_HEADER = YES;
				GCC_PREFIX_HEADER = "BifurcanMac/BifurcanMac-Prefix.pch";
				GCC_PREPROCESSOR_DEFINITIONS = (
					"DEBUG=1",
					"$(inherited)",
				);
				GCC_WARN_UNINITIALIZED_AUTOS = YES_AGGRESSIVE;
				INFOPLIST_FILE = "BifurcanMac/BifurcanMac-Info.plist";
				MACOSX_DEPLOYMENT_TARGET = 10.8;
				PRODUCT_NAME = "$(TARGET_NAME)";
				SDKROOT = macosx;
				WRAPPER_EXTENSION = app;
			};
			name = Debug;
		};
		589686B7197351C4007873BF /* Release */ = {
			isa = XCBuildConfiguration;
			buildSettings = {
				ASSETCATALOG_COMPILER_APPICON_NAME = AppIcon;
				CODE_SIGN_IDENTITY = "";
				COMBINE_HIDPI_IMAGES = YES;
				DEBUG_INFORMATION_FORMAT = "dwarf-with-dsym";
				FRAMEWORK_SEARCH_PATHS = (
					"$(inherited)",
					"$(DEVELOPER_FRAMEWORKS_DIR)",
				);
				GCC_ENABLE_OBJC_EXCEPTIONS = YES;
				GCC_PRECOMPILE_PREFIX_HEADER = YES;
				GCC_PREFIX_HEADER = "BifurcanMac/BifurcanMac-Prefix.pch";
				GCC_WARN_UNINITIALIZED_AUTOS = YES_AGGRESSIVE;
				INFOPLIST_FILE = "BifurcanMac/BifurcanMac-Info.plist";
				MACOSX_DEPLOYMENT_TARGET = 10.8;
				PRODUCT_NAME = "$(TARGET_NAME)";
				SDKROOT = macosx;
				WRAPPER_EXTENSION = app;
			};
			name = Release;
		};
		58ACA5681974EE2100D99EE1 /* Debug */ = {
			isa = XCBuildConfiguration;
			buildSettings = {
				CODE_SIGN_IDENTITY = "";
				COMBINE_HIDPI_IMAGES = YES;
				FRAMEWORK_SEARCH_PATHS = (
					"$(inherited)",
					"$(DEVELOPER_FRAMEWORKS_DIR)",
				);
				GCC_ENABLE_OBJC_EXCEPTIONS = YES;
				GCC_PRECOMPILE_PREFIX_HEADER = YES;
				GCC_PREFIX_HEADER = "BifurcanSaver/BifurcanSaver-Prefix.pch";
				GCC_PREPROCESSOR_DEFINITIONS = (
					"DEBUG=1",
					"$(inherited)",
				);
				GCC_WARN_UNINITIALIZED_AUTOS = YES_AGGRESSIVE;
				INFOPLIST_FILE = "BifurcanSaver/BifurcanSaver-Info.plist";
				INSTALL_PATH = "$(HOME)/Library/Screen Savers";
				MACOSX_DEPLOYMENT_TARGET = 10.9;
				PRODUCT_NAME = "$(TARGET_NAME)";
				SDKROOT = macosx;
				WRAPPER_EXTENSION = saver;
			};
			name = Debug;
		};
		58ACA5691974EE2100D99EE1 /* Release */ = {
			isa = XCBuildConfiguration;
			buildSettings = {
				CODE_SIGN_IDENTITY = "";
				COMBINE_HIDPI_IMAGES = YES;
				DEBUG_INFORMATION_FORMAT = "dwarf-with-dsym";
				FRAMEWORK_SEARCH_PATHS = (
					"$(inherited)",
					"$(DEVELOPER_FRAMEWORKS_DIR)",
				);
				GCC_ENABLE_OBJC_EXCEPTIONS = YES;
				GCC_PRECOMPILE_PREFIX_HEADER = YES;
				GCC_PREFIX_HEADER = "BifurcanSaver/BifurcanSaver-Prefix.pch";
				GCC_WARN_UNINITIALIZED_AUTOS = YES_AGGRESSIVE;
				INFOPLIST_FILE = "BifurcanSaver/BifurcanSaver-Info.plist";
				INSTALL_PATH = "$(HOME)/Library/Screen Savers";
				MACOSX_DEPLOYMENT_TARGET = 10.9;
				PRODUCT_NAME = "$(TARGET_NAME)";
				SDKROOT = macosx;
				WRAPPER_EXTENSION = saver;
			};
			name = Release;
		};
/* End XCBuildConfiguration section */

/* Begin XCConfigurationList section */
		03EE74421824CAE700AB60C0 /* Build configuration list for PBXProject "Bifurcan" */ = {
			isa = XCConfigurationList;
			buildConfigurations = (
				03EE74771824CAE700AB60C0 /* Debug */,
				03EE74781824CAE700AB60C0 /* Release */,
			);
			defaultConfigurationIsVisible = 0;
			defaultConfigurationName = Release;
		};
		03EE74791824CAE700AB60C0 /* Build configuration list for PBXNativeTarget "Bifurcan" */ = {
			isa = XCConfigurationList;
			buildConfigurations = (
				03EE747A1824CAE700AB60C0 /* Debug */,
				03EE747B1824CAE700AB60C0 /* Release */,
			);
			defaultConfigurationIsVisible = 0;
			defaultConfigurationName = Release;
		};
		589686BA197351C4007873BF /* Build configuration list for PBXNativeTarget "BifurcanMac" */ = {
			isa = XCConfigurationList;
			buildConfigurations = (
				589686B6197351C4007873BF /* Debug */,
				589686B7197351C4007873BF /* Release */,
			);
			defaultConfigurationIsVisible = 0;
			defaultConfigurationName = Release;
		};
		58ACA5671974EE2100D99EE1 /* Build configuration list for PBXNativeTarget "BifurcanSaver" */ = {
			isa = XCConfigurationList;
			buildConfigurations = (
				58ACA5681974EE2100D99EE1 /* Debug */,
				58ACA5691974EE2100D99EE1 /* Release */,
			);
			defaultConfigurationIsVisible = 0;
			defaultConfigurationName = Release;
		};
/* End XCConfigurationList section */
	};
	rootObject = 03EE743F1824CAE700AB60C0 /* Project object */;
}
